{
  "name": "simpleit.rocks",
  "version": "1.0.0",
  "lockfileVersion": 1,
  "requires": true,
  "dependencies": {
    "bootstrap": {
      "version": "4.0.0-alpha.6",
      "resolved": "https://registry.npmjs.org/bootstrap/-/bootstrap-4.0.0-alpha.6.tgz",
      "integrity": "sha1-T1TdM6wN6sOyhAe8LffsYIhpycg=",
      "requires": {
        "jquery": "3.3.1",
        "tether": "1.4.3"
      }
    },
    "clipboard": {
      "version": "1.7.1",
      "resolved": "https://registry.npmjs.org/clipboard/-/clipboard-1.7.1.tgz",
      "integrity": "sha1-Ng1taUbpmnof7zleQrqStem1oWs=",
      "requires": {
        "good-listener": "1.2.2",
        "select": "1.1.2",
        "tiny-emitter": "2.0.2"
      }
    },
    "d3": {
      "version": "3.5.17",
      "resolved": "https://registry.npmjs.org/d3/-/d3-3.5.17.tgz",
      "integrity": "sha1-vEZ0gAQ3iyGjYMn8fPUjF5B2L7g="
    },
    "dagre-d3-renderer": {
      "version": "0.4.26",
      "resolved": "https://registry.npmjs.org/dagre-d3-renderer/-/dagre-d3-renderer-0.4.26.tgz",
      "integrity": "sha512-vOWj1uA4/APTrfDyfHaH/xpfXhPh9rszW+HOaEwPCeA6Afl06Lobfh7OpESuVMQW2QGuY4UQ7pte/p0WhdDs7w==",
      "requires": {
        "d3": "3.5.17",
        "dagre-layout": "0.8.0",
        "graphlib": "2.1.5",
        "lodash": "4.17.4"
      }
    },
    "dagre-layout": {
      "version": "0.8.0",
      "resolved": "https://registry.npmjs.org/dagre-layout/-/dagre-layout-0.8.0.tgz",
      "integrity": "sha512-vK4WiR6h3whkoW9aM/FCjZTTx10V2YnLOLEj2+uvOQmiEjGmUvkme+Qrjj/7Tq0+AI54yFHT/tbbqM9AadsK4A==",
      "requires": {
        "graphlib": "2.1.5",
        "lodash": "4.17.4"
      }
    },
    "delegate": {
      "version": "3.2.0",
      "resolved": "https://registry.npmjs.org/delegate/-/delegate-3.2.0.tgz",
      "integrity": "sha512-IofjkYBZaZivn0V8nnsMJGBr4jVLxHDheKSW88PyxS5QC4Vo9ZbZVvhzlSxY87fVq3STR6r+4cGepyHkcWOQSw=="
    },
    "font-awesome": {
      "version": "4.7.0",
      "resolved": "https://registry.npmjs.org/font-awesome/-/font-awesome-4.7.0.tgz",
      "integrity": "sha1-j6jPBBGhoxr9B7BtKQK7n8gVoTM="
    },
    "good-listener": {
      "version": "1.2.2",
      "resolved": "https://registry.npmjs.org/good-listener/-/good-listener-1.2.2.tgz",
      "integrity": "sha1-1TswzfkxPf+33JoNR3CWqm0UXFA=",
      "requires": {
        "delegate": "3.2.0"
      }
    },
    "graphlib": {
      "version": "2.1.5",
      "resolved": "https://registry.npmjs.org/graphlib/-/graphlib-2.1.5.tgz",
      "integrity": "sha512-XvtbqCcw+EM5SqQrIetIKKD+uZVNQtDPD1goIg7K73RuRZtVI5rYMdcCVSHm/AS1sCBZ7vt0p5WgXouucHQaOA==",
      "requires": {
        "lodash": "4.17.4"
      }
    },
    "he": {
      "version": "1.1.1",
      "resolved": "https://registry.npmjs.org/he/-/he-1.1.1.tgz",
      "integrity": "sha1-k0EP0hsAlzUVH4howvJx80J+I/0="
    },
    "jquery": {
      "version": "3.3.1",
      "resolved": "https://registry.npmjs.org/jquery/-/jquery-3.3.1.tgz",
      "integrity": "sha512-Ubldcmxp5np52/ENotGxlLe6aGMvmF4R8S6tZjsP6Knsaxd/xp3Zrh50cG93lR6nPXyUFwzN3ZSOQI0wRJNdGg=="
    },
    "lodash": {
      "version": "4.17.4",
      "resolved": "https://registry.npmjs.org/lodash/-/lodash-4.17.4.tgz",
      "integrity": "sha1-eCA6TRwyiuHYbcpkYONptX9AVa4="
    },
    "mermaid": {
      "version": "7.1.2",
      "resolved": "https://registry.npmjs.org/mermaid/-/mermaid-7.1.2.tgz",
      "integrity": "sha512-bDLu3fQuf3/R0fNkNzB0GTaF7+6SxnZpfTs9DVQF1ougsuP23MBzvEIGfL0ML8zeyg7+J2D+0AaoLVhskW5ulw==",
      "requires": {
        "d3": "3.5.17",
        "dagre-d3-renderer": "0.4.26",
        "dagre-layout": "0.8.0",
        "he": "1.1.1",
        "lodash": "4.17.4",
        "moment": "2.20.1"
      }
    },
    "moment": {
      "version": "2.20.1",
      "resolved": "https://registry.npmjs.org/moment/-/moment-2.20.1.tgz",
      "integrity": "sha512-Yh9y73JRljxW5QxN08Fner68eFLxM5ynNOAw2LbIB1YAGeQzZT8QFSUvkAz609Zf+IHhhaUxqZK8dG3W/+HEvg=="
    },
    "select": {
      "version": "1.1.2",
      "resolved": "https://registry.npmjs.org/select/-/select-1.1.2.tgz",
      "integrity": "sha1-DnNQrN7ICxEIUoeG7B1EGNEbOW0="
    },
    "tether": {
      "version": "1.4.3",
      "resolved": "https://registry.npmjs.org/tether/-/tether-1.4.3.tgz",
      "integrity": "sha512-YCfE/Ym9MpZpzUmzbek7MiLEyTofxx2YS0rJfSOUXX0aZtfQgxcgw7/Re2oGJUsREWZtEF0DzBKCjqH+DzgL6A=="
    },
    "tiny-emitter": {
      "version": "2.0.2",
      "resolved": "https://registry.npmjs.org/tiny-emitter/-/tiny-emitter-2.0.2.tgz",
      "integrity": "sha512-2NM0auVBGft5tee/OxP4PI3d8WItkDM+fPnaRAVo6xTDI2knbz9eC5ArWGqtGlYqiH3RU5yMpdyTTO7MguC4ow=="
    }
  }
}
